// !$*UTF8*$!
{
	archiveVersion = 1;
	classes = {
	};
	objectVersion = 46;
	objects = {

/* Begin PBXBuildFile section */
		FAC9F7031C83843D00706D36 /* main.cpp in Sources */ = {isa = PBXBuildFile; fileRef = FAC9F7021C83843D00706D36 /* main.cpp */; };
		FAC9F70B1C83846600706D36 /* implicit_treap.cpp in Sources */ = {isa = PBXBuildFile; fileRef = FAC9F70A1C83846600706D36 /* implicit_treap.cpp */; };
/* End PBXBuildFile section */

/* Begin PBXCopyFilesBuildPhase section */
		FAC9F6FD1C83843D00706D36 /* CopyFiles */ = {
			isa = PBXCopyFilesBuildPhase;
			buildActionMask = 2147483647;
			dstPath = /usr/share/man/man1/;
			dstSubfolderSpec = 0;
			files = (
			);
			runOnlyForDeploymentPostprocessing = 1;
		};
/* End PBXCopyFilesBuildPhase section */

/* Begin PBXFileReference section */
		FAC9F6FF1C83843D00706D36 /* implicit_treap */ = {isa = PBXFileReference; explicitFileType = "compiled.mach-o.executable"; includeInIndex = 0; path = implicit_treap; sourceTree = BUILT_PRODUCTS_DIR; };
		FAC9F7021C83843D00706D36 /* main.cpp */ = {isa = PBXFileReference; lastKnownFileType = sourcecode.cpp.cpp; path = main.cpp; sourceTree = "<group>"; };
		FAC9F7091C83845100706D36 /* implicit_treap.h */ = {isa = PBXFileReference; lastKnownFileType = sourcecode.c.h; path = implicit_treap.h; sourceTree = "<group>"; };
		FAC9F70A1C83846600706D36 /* implicit_treap.cpp */ = {isa = PBXFileReference; fileEncoding = 4; lastKnownFileType = sourcecode.cpp.cpp; path = implicit_treap.cpp; sourceTree = "<group>"; };
/* End PBXFileReference section */

/* Begin PBXFrameworksBuildPhase section */
		FAC9F6FC1C83843D00706D36 /* Frameworks */ = {
			isa = PBXFrameworksBuildPhase;
			buildActionMask = 2147483647;
			files = (
			);
			runOnlyForDeploymentPostprocessing = 0;
		};
/* End PBXFrameworksBuildPhase section */

/* Begin PBXGroup section */
		FAC9F6F61C83843D00706D36 = {
			isa = PBXGroup;
			children = (
				FAC9F7011C83843D00706D36 /* implicit_treap */,
				FAC9F7001C83843D00706D36 /* Products */,
			);
			sourceTree = "<group>";
		};
		FAC9F7001C83843D00706D36 /* Products */ = {
			isa = PBXGroup;
			children = (
				FAC9F6FF1C83843D00706D36 /* implicit_treap */,
			);
			name = Products;
			sourceTree = "<group>";
		};
		FAC9F7011C83843D00706D36 /* implicit_treap */ = {
			isa = PBXGroup;
			children = (
				FAC9F7021C83843D00706D36 /* main.cpp */,
				FAC9F7091C83845100706D36 /* implicit_treap.h */,
				FAC9F70A1C83846600706D36 /* implicit_treap.cpp */,
			);
			path = implicit_treap;
			sourceTree = "<group>";
		};
/* End PBXGroup section */

/* Begin PBXNativeTarget section */
		FAC9F6FE1C83843D00706D36 /* implicit_treap */ = {
			isa = PBXNativeTarget;
			buildConfigurationList = FAC9F7061C83843D00706D36 /* Build configuration list for PBXNativeTarget "implicit_treap" */;
			buildPhases = (
				FAC9F6FB1C83843D00706D36 /* Sources */,
				FAC9F6FC1C83843D00706D36 /* Frameworks */,
				FAC9F6FD1C83843D00706D36 /* CopyFiles */,
			);
			buildRules = (
			);
			dependencies = (
			);
			name = implicit_treap;
			productName = implicit_treap;
			productReference = FAC9F6FF1C83843D00706D36 /* implicit_treap */;
			productType = "com.apple.product-type.tool";
		};
/* End PBXNativeTarget section */

/* Begin PBXProject section */
		FAC9F6F71C83843D00706D36 /* Project object */ = {
			isa = PBXProject;
			attributes = {
				LastUpgradeCheck = 0720;
				ORGANIZATIONNAME = macbook;
				TargetAttributes = {
					FAC9F6FE1C83843D00706D36 = {
						CreatedOnToolsVersion = 7.2.1;
					};
				};
			};
			buildConfigurationList = FAC9F6FA1C83843D00706D36 /* Build configuration list for PBXProject "implicit_treap" */;
			compatibilityVersion = "Xcode 3.2";
			developmentRegion = English;
			hasScannedForEncodings = 0;
			knownRegions = (
				en,
			);
			mainGroup = FAC9F6F61C83843D00706D36;
			productRefGroup = FAC9F7001C83843D00706D36 /* Products */;
			projectDirPath = "";
			projectRoot = "";
			targets = (
				FAC9F6FE1C83843D00706D36 /* implicit_treap */,
			);
		};
/* End PBXProject section */

/* Begin PBXSourcesBuildPhase section */
		FAC9F6FB1C83843D00706D36 /* Sources */ = {
			isa = PBXSourcesBuildPhase;
			buildActionMask = 2147483647;
			files = (
				FAC9F7031C83843D00706D36 /* main.cpp in Sources */,
				FAC9F70B1C83846600706D36 /* implicit_treap.cpp in Sources */,
			);
			runOnlyForDeploymentPostprocessing = 0;
		};
/* End PBXSourcesBuildPhase section */

/* Begin XCBuildConfiguration section */
		FAC9F7041C83843D00706D36 /* Debug */ = {
			isa = XCBuildConfiguration;
			buildSettings = {
				ALWAYS_SEARCH_USER_PATHS = NO;
				CLANG_CXX_LANGUAGE_STANDARD = "gnu++0x";
				CLANG_CXX_LIBRARY = "libc++";
				CLANG_ENABLE_MODULES = YES;
				CLANG_ENABLE_OBJC_ARC = YES;
				CLANG_WARN_BOOL_CONVERSION = YES;
				CLANG_WARN_CONSTANT_CONVERSION = YES;
				CLANG_WARN_DIRECT_OBJC_ISA_USAGE = YES_ERROR;
				CLANG_WARN_EMPTY_BODY = YES;
				CLANG_WARN_ENUM_CONVERSION = YES;
				CLANG_WARN_INT_CONVERSION = YES;
				CLANG_WARN_OBJC_ROOT_CLASS = YES_ERROR;
				CLANG_WARN_UNREACHABLE_CODE = YES;
				CLANG_WARN__DUPLICATE_METHOD_MATCH = YES;
				CODE_SIGN_IDENTITY = "-";
				COPY_PHASE_STRIP = NO;
				DEBUG_INFORMATION_FORMAT = dwarf;
				ENABLE_STRICT_OBJC_MSGSEND = YES;
				ENABLE_TESTABILITY = YES;
				GCC_C_LANGUAGE_STANDARD = gnu99;
				GCC_DYNAMIC_NO_PIC = NO;
				GCC_NO_COMMON_BLOCKS = YES;
				GCC_OPTIMIZATION_LEVEL = 0;
				GCC_PREPROCESSOR_DEFINITIONS = (
					"DEBUG=1",
					"$(inherited)",
				);
				GCC_WARN_64_TO_32_BIT_CONVERSION = YES;
				GCC_WARN_ABOUT_RETURN_TYPE = YES_ERROR;
				GCC_WARN_UNDECLARED_SELECTOR = YES;
				GCC_WARN_UNINITIALIZED_AUTOS = YES_AGGRESSIVE;
				GCC_WARN_UNUSED_FUNCTION = YES;
				GCC_WARN_UNUSED_VARIABLE = YES;
				MACOSX_DEPLOYMENT_TARGET = 10.10;
				MTL_ENABLE_DEBUG_INFO = YES;
				ONLY_ACTIVE_ARCH = YES;
				SDKROOT = macosx;
			};
			name = Debug;
		};
		FAC9F7051C83843D00706D36 /* Release */ = {
			isa = XCBuildConfiguration;
			buildSettings = {
				ALWAYS_SEARCH_USER_PATHS = NO;
				CLANG_CXX_LANGUAGE_STANDARD = "gnu++0x";
				CLANG_CXX_LIBRARY = "libc++";
				CLANG_ENABLE_MODULES = YES;
				CLANG_ENABLE_OBJC_ARC = YES;
				CLANG_WARN_BOOL_CONVERSION = YES;
				CLANG_WARN_CONSTANT_CONVERSION = YES;
				CLANG_WARN_DIRECT_OBJC_ISA_USAGE = YES_ERROR;
				CLANG_WARN_EMPTY_BODY = YES;
				CLANG_WARN_ENUM_CONVERSION = YES;
				CLANG_WARN_INT_CONVERSION = YES;
				CLANG_WARN_OBJC_ROOT_CLASS = YES_ERROR;
				CLANG_WARN_UNREACHABLE_CODE = YES;
				CLANG_WARN__DUPLICATE_METHOD_MATCH = YES;
				CODE_SIGN_IDENTITY = "-";
				COPY_PHASE_STRIP = NO;
				DEBUG_INFORMATION_FORMAT = "dwarf-with-dsym";
				ENABLE_NS_ASSERTIONS = NO;
				ENABLE_STRICT_OBJC_MSGSEND = YES;
				GCC_C_LANGUAGE_STANDARD = gnu99;
				GCC_NO_COMMON_BLOCKS = YES;
				GCC_WARN_64_TO_32_BIT_CONVERSION = YES;
				GCC_WARN_ABOUT_RETURN_TYPE = YES_ERROR;
				GCC_WARN_UNDECLARED_SELECTOR = YES;
				GCC_WARN_UNINITIALIZED_AUTOS = YES_AGGRESSIVE;
				GCC_WARN_UNUSED_FUNCTION = YES;
				GCC_WARN_UNUSED_VARIABLE = YES;
				MACOSX_DEPLOYMENT_TARGET = 10.10;
				MTL_ENABLE_DEBUG_INFO = NO;
				SDKROOT = macosx;
			};
			name = Release;
		};
		FAC9F7071C83843D00706D36 /* Debug */ = {
			isa = XCBuildConfiguration;
			buildSettings = {
				PRODUCT_NAME = "$(TARGET_NAME)";
			};
			name = Debug;
		};
		FAC9F7081C83843D00706D36 /* Release */ = {
			isa = XCBuildConfiguration;
			buildSettings = {
				PRODUCT_NAME = "$(TARGET_NAME)";
			};
			name = Release;
		};
/* End XCBuildConfiguration section */

/* Begin XCConfigurationList section */
		FAC9F6FA1C83843D00706D36 /* Build configuration list for PBXProject "implicit_treap" */ = {
			isa = XCConfigurationList;
			buildConfigurations = (
				FAC9F7041C83843D00706D36 /* Debug */,
				FAC9F7051C83843D00706D36 /* Release */,
			);
			defaultConfigurationIsVisible = 0;
			defaultConfigurationName = Release;
		};
		FAC9F7061C83843D00706D36 /* Build configuration list for PBXNativeTarget "implicit_treap" */ = {
			isa = XCConfigurationList;
			buildConfigurations = (
				FAC9F7071C83843D00706D36 /* Debug */,
				FAC9F7081C83843D00706D36 /* Release */,
			);
			defaultConfigurationIsVisible = 0;
		};
/* End XCConfigurationList section */
	};
	rootObject = FAC9F6F71C83843D00706D36 /* Project object */;
}
