// !$*UTF8*$!
{
	archiveVersion = 1;
	classes = {
	};
	objectVersion = 46;
	objects = {

/* Begin PBXBuildFile section */
		FA13E82F1DA30F6B00CE567C /* main.cpp in Sources */ = {isa = PBXBuildFile; fileRef = FA13E82E1DA30F6B00CE567C /* main.cpp */; };
/* End PBXBuildFile section */

/* Begin PBXCopyFilesBuildPhase section */
		FA13E8291DA30F6B00CE567C /* CopyFiles */ = {
			isa = PBXCopyFilesBuildPhase;
			buildActionMask = 2147483647;
			dstPath = /usr/share/man/man1/;
			dstSubfolderSpec = 0;
			files = (
			);
			runOnlyForDeploymentPostprocessing = 1;
		};
/* End PBXCopyFilesBuildPhase section */

/* Begin PBXFileReference section */
		FA13E82B1DA30F6B00CE567C /* cyclic_barrier */ = {isa = PBXFileReference; explicitFileType = "compiled.mach-o.executable"; includeInIndex = 0; path = cyclic_barrier; sourceTree = BUILT_PRODUCTS_DIR; };
		FA13E82E1DA30F6B00CE567C /* main.cpp */ = {isa = PBXFileReference; lastKnownFileType = sourcecode.cpp.cpp; path = main.cpp; sourceTree = "<group>"; };
		FA13E8351DA30FD100CE567C /* barrier.h */ = {isa = PBXFileReference; lastKnownFileType = sourcecode.c.h; path = barrier.h; sourceTree = "<group>"; };
/* End PBXFileReference section */

/* Begin PBXFrameworksBuildPhase section */
		FA13E8281DA30F6B00CE567C /* Frameworks */ = {
			isa = PBXFrameworksBuildPhase;
			buildActionMask = 2147483647;
			files = (
			);
			runOnlyForDeploymentPostprocessing = 0;
		};
/* End PBXFrameworksBuildPhase section */

/* Begin PBXGroup section */
		FA13E8221DA30F6B00CE567C = {
			isa = PBXGroup;
			children = (
				FA13E82D1DA30F6B00CE567C /* cyclic_barrier */,
				FA13E82C1DA30F6B00CE567C /* Products */,
			);
			sourceTree = "<group>";
		};
		FA13E82C1DA30F6B00CE567C /* Products */ = {
			isa = PBXGroup;
			children = (
				FA13E82B1DA30F6B00CE567C /* cyclic_barrier */,
			);
			name = Products;
			sourceTree = "<group>";
		};
		FA13E82D1DA30F6B00CE567C /* cyclic_barrier */ = {
			isa = PBXGroup;
			children = (
				FA13E82E1DA30F6B00CE567C /* main.cpp */,
				FA13E8351DA30FD100CE567C /* barrier.h */,
			);
			path = cyclic_barrier;
			sourceTree = "<group>";
		};
/* End PBXGroup section */

/* Begin PBXNativeTarget section */
		FA13E82A1DA30F6B00CE567C /* cyclic_barrier */ = {
			isa = PBXNativeTarget;
			buildConfigurationList = FA13E8321DA30F6B00CE567C /* Build configuration list for PBXNativeTarget "cyclic_barrier" */;
			buildPhases = (
				FA13E8271DA30F6B00CE567C /* Sources */,
				FA13E8281DA30F6B00CE567C /* Frameworks */,
				FA13E8291DA30F6B00CE567C /* CopyFiles */,
			);
			buildRules = (
			);
			dependencies = (
			);
			name = cyclic_barrier;
			productName = cyclic_barrier;
			productReference = FA13E82B1DA30F6B00CE567C /* cyclic_barrier */;
			productType = "com.apple.product-type.tool";
		};
/* End PBXNativeTarget section */

/* Begin PBXProject section */
		FA13E8231DA30F6B00CE567C /* Project object */ = {
			isa = PBXProject;
			attributes = {
				LastUpgradeCheck = 0720;
				ORGANIZATIONNAME = macbook;
				TargetAttributes = {
					FA13E82A1DA30F6B00CE567C = {
						CreatedOnToolsVersion = 7.2.1;
					};
				};
			};
			buildConfigurationList = FA13E8261DA30F6B00CE567C /* Build configuration list for PBXProject "cyclic_barrier" */;
			compatibilityVersion = "Xcode 3.2";
			developmentRegion = English;
			hasScannedForEncodings = 0;
			knownRegions = (
				en,
			);
			mainGroup = FA13E8221DA30F6B00CE567C;
			productRefGroup = FA13E82C1DA30F6B00CE567C /* Products */;
			projectDirPath = "";
			projectRoot = "";
			targets = (
				FA13E82A1DA30F6B00CE567C /* cyclic_barrier */,
			);
		};
/* End PBXProject section */

/* Begin PBXSourcesBuildPhase section */
		FA13E8271DA30F6B00CE567C /* Sources */ = {
			isa = PBXSourcesBuildPhase;
			buildActionMask = 2147483647;
			files = (
				FA13E82F1DA30F6B00CE567C /* main.cpp in Sources */,
			);
			runOnlyForDeploymentPostprocessing = 0;
		};
/* End PBXSourcesBuildPhase section */

/* Begin XCBuildConfiguration section */
		FA13E8301DA30F6B00CE567C /* Debug */ = {
			isa = XCBuildConfiguration;
			buildSettings = {
				ALWAYS_SEARCH_USER_PATHS = NO;
				CLANG_CXX_LANGUAGE_STANDARD = "gnu++0x";
				CLANG_CXX_LIBRARY = "libc++";
				CLANG_ENABLE_MODULES = YES;
				CLANG_ENABLE_OBJC_ARC = YES;
				CLANG_WARN_BOOL_CONVERSION = YES;
				CLANG_WARN_CONSTANT_CONVERSION = YES;
				CLANG_WARN_DIRECT_OBJC_ISA_USAGE = YES_ERROR;
				CLANG_WARN_EMPTY_BODY = YES;
				CLANG_WARN_ENUM_CONVERSION = YES;
				CLANG_WARN_INT_CONVERSION = YES;
				CLANG_WARN_OBJC_ROOT_CLASS = YES_ERROR;
				CLANG_WARN_UNREACHABLE_CODE = YES;
				CLANG_WARN__DUPLICATE_METHOD_MATCH = YES;
				CODE_SIGN_IDENTITY = "-";
				COPY_PHASE_STRIP = NO;
				DEBUG_INFORMATION_FORMAT = dwarf;
				ENABLE_STRICT_OBJC_MSGSEND = YES;
				ENABLE_TESTABILITY = YES;
				GCC_C_LANGUAGE_STANDARD = gnu99;
				GCC_DYNAMIC_NO_PIC = NO;
				GCC_NO_COMMON_BLOCKS = YES;
				GCC_OPTIMIZATION_LEVEL = 0;
				GCC_PREPROCESSOR_DEFINITIONS = (
					"DEBUG=1",
					"$(inherited)",
				);
				GCC_WARN_64_TO_32_BIT_CONVERSION = YES;
				GCC_WARN_ABOUT_RETURN_TYPE = YES_ERROR;
				GCC_WARN_UNDECLARED_SELECTOR = YES;
				GCC_WARN_UNINITIALIZED_AUTOS = YES_AGGRESSIVE;
				GCC_WARN_UNUSED_FUNCTION = YES;
				GCC_WARN_UNUSED_VARIABLE = YES;
				MACOSX_DEPLOYMENT_TARGET = 10.10;
				MTL_ENABLE_DEBUG_INFO = YES;
				ONLY_ACTIVE_ARCH = YES;
				SDKROOT = macosx;
			};
			name = Debug;
		};
		FA13E8311DA30F6B00CE567C /* Release */ = {
			isa = XCBuildConfiguration;
			buildSettings = {
				ALWAYS_SEARCH_USER_PATHS = NO;
				CLANG_CXX_LANGUAGE_STANDARD = "gnu++0x";
				CLANG_CXX_LIBRARY = "libc++";
				CLANG_ENABLE_MODULES = YES;
				CLANG_ENABLE_OBJC_ARC = YES;
				CLANG_WARN_BOOL_CONVERSION = YES;
				CLANG_WARN_CONSTANT_CONVERSION = YES;
				CLANG_WARN_DIRECT_OBJC_ISA_USAGE = YES_ERROR;
				CLANG_WARN_EMPTY_BODY = YES;
				CLANG_WARN_ENUM_CONVERSION = YES;
				CLANG_WARN_INT_CONVERSION = YES;
				CLANG_WARN_OBJC_ROOT_CLASS = YES_ERROR;
				CLANG_WARN_UNREACHABLE_CODE = YES;
				CLANG_WARN__DUPLICATE_METHOD_MATCH = YES;
				CODE_SIGN_IDENTITY = "-";
				COPY_PHASE_STRIP = NO;
				DEBUG_INFORMATION_FORMAT = "dwarf-with-dsym";
				ENABLE_NS_ASSERTIONS = NO;
				ENABLE_STRICT_OBJC_MSGSEND = YES;
				GCC_C_LANGUAGE_STANDARD = gnu99;
				GCC_NO_COMMON_BLOCKS = YES;
				GCC_WARN_64_TO_32_BIT_CONVERSION = YES;
				GCC_WARN_ABOUT_RETURN_TYPE = YES_ERROR;
				GCC_WARN_UNDECLARED_SELECTOR = YES;
				GCC_WARN_UNINITIALIZED_AUTOS = YES_AGGRESSIVE;
				GCC_WARN_UNUSED_FUNCTION = YES;
				GCC_WARN_UNUSED_VARIABLE = YES;
				MACOSX_DEPLOYMENT_TARGET = 10.10;
				MTL_ENABLE_DEBUG_INFO = NO;
				SDKROOT = macosx;
			};
			name = Release;
		};
		FA13E8331DA30F6B00CE567C /* Debug */ = {
			isa = XCBuildConfiguration;
			buildSettings = {
				PRODUCT_NAME = "$(TARGET_NAME)";
			};
			name = Debug;
		};
		FA13E8341DA30F6B00CE567C /* Release */ = {
			isa = XCBuildConfiguration;
			buildSettings = {
				PRODUCT_NAME = "$(TARGET_NAME)";
			};
			name = Release;
		};
/* End XCBuildConfiguration section */

/* Begin XCConfigurationList section */
		FA13E8261DA30F6B00CE567C /* Build configuration list for PBXProject "cyclic_barrier" */ = {
			isa = XCConfigurationList;
			buildConfigurations = (
				FA13E8301DA30F6B00CE567C /* Debug */,
				FA13E8311DA30F6B00CE567C /* Release */,
			);
			defaultConfigurationIsVisible = 0;
			defaultConfigurationName = Release;
		};
		FA13E8321DA30F6B00CE567C /* Build configuration list for PBXNativeTarget "cyclic_barrier" */ = {
			isa = XCConfigurationList;
			buildConfigurations = (
				FA13E8331DA30F6B00CE567C /* Debug */,
				FA13E8341DA30F6B00CE567C /* Release */,
			);
			defaultConfigurationIsVisible = 0;
		};
/* End XCConfigurationList section */
	};
	rootObject = FA13E8231DA30F6B00CE567C /* Project object */;
}
