// !$*UTF8*$!
{
	archiveVersion = 1;
	classes = {
	};
	objectVersion = 46;
	objects = {

/* Begin PBXBuildFile section */
		FA9870371DCBF4420051B77E /* main.cpp in Sources */ = {isa = PBXBuildFile; fileRef = FA9870361DCBF4420051B77E /* main.cpp */; };
/* End PBXBuildFile section */

/* Begin PBXCopyFilesBuildPhase section */
		FA9870311DCBF4420051B77E /* CopyFiles */ = {
			isa = PBXCopyFilesBuildPhase;
			buildActionMask = 2147483647;
			dstPath = /usr/share/man/man1/;
			dstSubfolderSpec = 0;
			files = (
			);
			runOnlyForDeploymentPostprocessing = 1;
		};
/* End PBXCopyFilesBuildPhase section */

/* Begin PBXFileReference section */
		FA9870331DCBF4420051B77E /* thread_pool */ = {isa = PBXFileReference; explicitFileType = "compiled.mach-o.executable"; includeInIndex = 0; path = thread_pool; sourceTree = BUILT_PRODUCTS_DIR; };
		FA9870361DCBF4420051B77E /* main.cpp */ = {isa = PBXFileReference; lastKnownFileType = sourcecode.cpp.cpp; path = main.cpp; sourceTree = "<group>"; };
		FA98703D1DCBF46A0051B77E /* thread_pool.h */ = {isa = PBXFileReference; lastKnownFileType = sourcecode.c.h; path = thread_pool.h; sourceTree = "<group>"; };
		FA98703E1DCC1D940051B77E /* test_utils.h */ = {isa = PBXFileReference; lastKnownFileType = sourcecode.c.h; path = test_utils.h; sourceTree = "<group>"; };
/* End PBXFileReference section */

/* Begin PBXFrameworksBuildPhase section */
		FA9870301DCBF4420051B77E /* Frameworks */ = {
			isa = PBXFrameworksBuildPhase;
			buildActionMask = 2147483647;
			files = (
			);
			runOnlyForDeploymentPostprocessing = 0;
		};
/* End PBXFrameworksBuildPhase section */

/* Begin PBXGroup section */
		FA98702A1DCBF4420051B77E = {
			isa = PBXGroup;
			children = (
				FA9870351DCBF4420051B77E /* thread_pool */,
				FA9870341DCBF4420051B77E /* Products */,
			);
			sourceTree = "<group>";
		};
		FA9870341DCBF4420051B77E /* Products */ = {
			isa = PBXGroup;
			children = (
				FA9870331DCBF4420051B77E /* thread_pool */,
			);
			name = Products;
			sourceTree = "<group>";
		};
		FA9870351DCBF4420051B77E /* thread_pool */ = {
			isa = PBXGroup;
			children = (
				FA9870361DCBF4420051B77E /* main.cpp */,
				FA98703D1DCBF46A0051B77E /* thread_pool.h */,
				FA98703E1DCC1D940051B77E /* test_utils.h */,
			);
			path = thread_pool;
			sourceTree = "<group>";
		};
/* End PBXGroup section */

/* Begin PBXNativeTarget section */
		FA9870321DCBF4420051B77E /* thread_pool */ = {
			isa = PBXNativeTarget;
			buildConfigurationList = FA98703A1DCBF4420051B77E /* Build configuration list for PBXNativeTarget "thread_pool" */;
			buildPhases = (
				FA98702F1DCBF4420051B77E /* Sources */,
				FA9870301DCBF4420051B77E /* Frameworks */,
				FA9870311DCBF4420051B77E /* CopyFiles */,
			);
			buildRules = (
			);
			dependencies = (
			);
			name = thread_pool;
			productName = thread_pool;
			productReference = FA9870331DCBF4420051B77E /* thread_pool */;
			productType = "com.apple.product-type.tool";
		};
/* End PBXNativeTarget section */

/* Begin PBXProject section */
		FA98702B1DCBF4420051B77E /* Project object */ = {
			isa = PBXProject;
			attributes = {
				LastUpgradeCheck = 0720;
				ORGANIZATIONNAME = macbook;
				TargetAttributes = {
					FA9870321DCBF4420051B77E = {
						CreatedOnToolsVersion = 7.2.1;
					};
				};
			};
			buildConfigurationList = FA98702E1DCBF4420051B77E /* Build configuration list for PBXProject "thread_pool" */;
			compatibilityVersion = "Xcode 3.2";
			developmentRegion = English;
			hasScannedForEncodings = 0;
			knownRegions = (
				en,
			);
			mainGroup = FA98702A1DCBF4420051B77E;
			productRefGroup = FA9870341DCBF4420051B77E /* Products */;
			projectDirPath = "";
			projectRoot = "";
			targets = (
				FA9870321DCBF4420051B77E /* thread_pool */,
			);
		};
/* End PBXProject section */

/* Begin PBXSourcesBuildPhase section */
		FA98702F1DCBF4420051B77E /* Sources */ = {
			isa = PBXSourcesBuildPhase;
			buildActionMask = 2147483647;
			files = (
				FA9870371DCBF4420051B77E /* main.cpp in Sources */,
			);
			runOnlyForDeploymentPostprocessing = 0;
		};
/* End PBXSourcesBuildPhase section */

/* Begin XCBuildConfiguration section */
		FA9870381DCBF4420051B77E /* Debug */ = {
			isa = XCBuildConfiguration;
			buildSettings = {
				ALWAYS_SEARCH_USER_PATHS = NO;
				CLANG_CXX_LANGUAGE_STANDARD = "gnu++0x";
				CLANG_CXX_LIBRARY = "libc++";
				CLANG_ENABLE_MODULES = YES;
				CLANG_ENABLE_OBJC_ARC = YES;
				CLANG_WARN_BOOL_CONVERSION = YES;
				CLANG_WARN_CONSTANT_CONVERSION = YES;
				CLANG_WARN_DIRECT_OBJC_ISA_USAGE = YES_ERROR;
				CLANG_WARN_EMPTY_BODY = YES;
				CLANG_WARN_ENUM_CONVERSION = YES;
				CLANG_WARN_INT_CONVERSION = YES;
				CLANG_WARN_OBJC_ROOT_CLASS = YES_ERROR;
				CLANG_WARN_UNREACHABLE_CODE = YES;
				CLANG_WARN__DUPLICATE_METHOD_MATCH = YES;
				CODE_SIGN_IDENTITY = "-";
				COPY_PHASE_STRIP = NO;
				DEBUG_INFORMATION_FORMAT = dwarf;
				ENABLE_STRICT_OBJC_MSGSEND = YES;
				ENABLE_TESTABILITY = YES;
				GCC_C_LANGUAGE_STANDARD = gnu99;
				GCC_DYNAMIC_NO_PIC = NO;
				GCC_NO_COMMON_BLOCKS = YES;
				GCC_OPTIMIZATION_LEVEL = 0;
				GCC_PREPROCESSOR_DEFINITIONS = (
					"DEBUG=1",
					"$(inherited)",
				);
				GCC_WARN_64_TO_32_BIT_CONVERSION = YES;
				GCC_WARN_ABOUT_RETURN_TYPE = YES_ERROR;
				GCC_WARN_UNDECLARED_SELECTOR = YES;
				GCC_WARN_UNINITIALIZED_AUTOS = YES_AGGRESSIVE;
				GCC_WARN_UNUSED_FUNCTION = YES;
				GCC_WARN_UNUSED_VARIABLE = YES;
				MACOSX_DEPLOYMENT_TARGET = 10.10;
				MTL_ENABLE_DEBUG_INFO = YES;
				ONLY_ACTIVE_ARCH = YES;
				SDKROOT = macosx;
			};
			name = Debug;
		};
		FA9870391DCBF4420051B77E /* Release */ = {
			isa = XCBuildConfiguration;
			buildSettings = {
				ALWAYS_SEARCH_USER_PATHS = NO;
				CLANG_CXX_LANGUAGE_STANDARD = "gnu++0x";
				CLANG_CXX_LIBRARY = "libc++";
				CLANG_ENABLE_MODULES = YES;
				CLANG_ENABLE_OBJC_ARC = YES;
				CLANG_WARN_BOOL_CONVERSION = YES;
				CLANG_WARN_CONSTANT_CONVERSION = YES;
				CLANG_WARN_DIRECT_OBJC_ISA_USAGE = YES_ERROR;
				CLANG_WARN_EMPTY_BODY = YES;
				CLANG_WARN_ENUM_CONVERSION = YES;
				CLANG_WARN_INT_CONVERSION = YES;
				CLANG_WARN_OBJC_ROOT_CLASS = YES_ERROR;
				CLANG_WARN_UNREACHABLE_CODE = YES;
				CLANG_WARN__DUPLICATE_METHOD_MATCH = YES;
				CODE_SIGN_IDENTITY = "-";
				COPY_PHASE_STRIP = NO;
				DEBUG_INFORMATION_FORMAT = "dwarf-with-dsym";
				ENABLE_NS_ASSERTIONS = NO;
				ENABLE_STRICT_OBJC_MSGSEND = YES;
				GCC_C_LANGUAGE_STANDARD = gnu99;
				GCC_NO_COMMON_BLOCKS = YES;
				GCC_WARN_64_TO_32_BIT_CONVERSION = YES;
				GCC_WARN_ABOUT_RETURN_TYPE = YES_ERROR;
				GCC_WARN_UNDECLARED_SELECTOR = YES;
				GCC_WARN_UNINITIALIZED_AUTOS = YES_AGGRESSIVE;
				GCC_WARN_UNUSED_FUNCTION = YES;
				GCC_WARN_UNUSED_VARIABLE = YES;
				MACOSX_DEPLOYMENT_TARGET = 10.10;
				MTL_ENABLE_DEBUG_INFO = NO;
				SDKROOT = macosx;
			};
			name = Release;
		};
		FA98703B1DCBF4420051B77E /* Debug */ = {
			isa = XCBuildConfiguration;
			buildSettings = {
				PRODUCT_NAME = "$(TARGET_NAME)";
			};
			name = Debug;
		};
		FA98703C1DCBF4420051B77E /* Release */ = {
			isa = XCBuildConfiguration;
			buildSettings = {
				PRODUCT_NAME = "$(TARGET_NAME)";
			};
			name = Release;
		};
/* End XCBuildConfiguration section */

/* Begin XCConfigurationList section */
		FA98702E1DCBF4420051B77E /* Build configuration list for PBXProject "thread_pool" */ = {
			isa = XCConfigurationList;
			buildConfigurations = (
				FA9870381DCBF4420051B77E /* Debug */,
				FA9870391DCBF4420051B77E /* Release */,
			);
			defaultConfigurationIsVisible = 0;
			defaultConfigurationName = Release;
		};
		FA98703A1DCBF4420051B77E /* Build configuration list for PBXNativeTarget "thread_pool" */ = {
			isa = XCConfigurationList;
			buildConfigurations = (
				FA98703B1DCBF4420051B77E /* Debug */,
				FA98703C1DCBF4420051B77E /* Release */,
			);
			defaultConfigurationIsVisible = 0;
		};
/* End XCConfigurationList section */
	};
	rootObject = FA98702B1DCBF4420051B77E /* Project object */;
}
